// !$*UTF8*$!
{
	archiveVersion = 1;
	classes = {
	};
	objectVersion = 46;
	objects = {

/* Begin PBXBuildFile section */
		CE047E431BF4769500243FF5 /* AppleScriptObjC.framework in Frameworks */ = {isa = PBXBuildFile; fileRef = CE047E421BF4769500243FF5 /* AppleScriptObjC.framework */; settings = {ASSET_TAGS = (); }; };
		CE047E471BF4769500243FF5 /* main.m in Sources */ = {isa = PBXBuildFile; fileRef = CE047E461BF4769500243FF5 /* main.m */; };
		CE047E491BF4769500243FF5 /* AppDelegate.applescript in Sources */ = {isa = PBXBuildFile; fileRef = CE047E481BF4769500243FF5 /* AppDelegate.applescript */; };
		CE047E4B1BF4769500243FF5 /* Assets.xcassets in Resources */ = {isa = PBXBuildFile; fileRef = CE047E4A1BF4769500243FF5 /* Assets.xcassets */; };
		CE047E4E1BF4769500243FF5 /* MainMenu.xib in Resources */ = {isa = PBXBuildFile; fileRef = CE047E4C1BF4769500243FF5 /* MainMenu.xib */; };
/* End PBXBuildFile section */

/* Begin PBXFileReference section */
		CE047E3F1BF4769500243FF5 /* opener.app */ = {isa = PBXFileReference; explicitFileType = wrapper.application; includeInIndex = 0; path = opener.app; sourceTree = BUILT_PRODUCTS_DIR; };
		CE047E421BF4769500243FF5 /* AppleScriptObjC.framework */ = {isa = PBXFileReference; lastKnownFileType = wrapper.framework; name = AppleScriptObjC.framework; path = System/Library/Frameworks/AppleScriptObjC.framework; sourceTree = SDKROOT; };
		CE047E461BF4769500243FF5 /* main.m */ = {isa = PBXFileReference; lastKnownFileType = sourcecode.c.objc; path = main.m; sourceTree = "<group>"; };
		CE047E481BF4769500243FF5 /* AppDelegate.applescript */ = {isa = PBXFileReference; lastKnownFileType = sourcecode.applescript; path = AppDelegate.applescript; sourceTree = "<group>"; };
		CE047E4A1BF4769500243FF5 /* Assets.xcassets */ = {isa = PBXFileReference; lastKnownFileType = folder.assetcatalog; path = Assets.xcassets; sourceTree = "<group>"; };
		CE047E4F1BF4769500243FF5 /* Info.plist */ = {isa = PBXFileReference; lastKnownFileType = text.plist.xml; path = Info.plist; sourceTree = "<group>"; };
		CE047E551BF4770C00243FF5 /* en */ = {isa = PBXFileReference; lastKnownFileType = file.xib; name = en; path = en.lproj/MainMenu.xib; sourceTree = "<group>"; };
/* End PBXFileReference section */

/* Begin PBXFrameworksBuildPhase section */
		CE047E3C1BF4769500243FF5 /* Frameworks */ = {
			isa = PBXFrameworksBuildPhase;
			buildActionMask = 2147483647;
			files = (
				CE047E431BF4769500243FF5 /* AppleScriptObjC.framework in Frameworks */,
			);
			runOnlyForDeploymentPostprocessing = 0;
		};
/* End PBXFrameworksBuildPhase section */

/* Begin PBXGroup section */
		CE047E361BF4769500243FF5 = {
			isa = PBXGroup;
			children = (
				CE047E441BF4769500243FF5 /* opener */,
				CE047E411BF4769500243FF5 /* Frameworks */,
				CE047E401BF4769500243FF5 /* Products */,
			);
			sourceTree = "<group>";
		};
		CE047E401BF4769500243FF5 /* Products */ = {
			isa = PBXGroup;
			children = (
				CE047E3F1BF4769500243FF5 /* opener.app */,
			);
			name = Products;
			sourceTree = "<group>";
		};
		CE047E411BF4769500243FF5 /* Frameworks */ = {
			isa = PBXGroup;
			children = (
				CE047E421BF4769500243FF5 /* AppleScriptObjC.framework */,
			);
			name = Frameworks;
			sourceTree = "<group>";
		};
		CE047E441BF4769500243FF5 /* opener */ = {
			isa = PBXGroup;
			children = (
				CE047E481BF4769500243FF5 /* AppDelegate.applescript */,
				CE047E4A1BF4769500243FF5 /* Assets.xcassets */,
				CE047E4C1BF4769500243FF5 /* MainMenu.xib */,
				CE047E4F1BF4769500243FF5 /* Info.plist */,
				CE047E451BF4769500243FF5 /* Supporting Files */,
			);
			path = opener;
			sourceTree = "<group>";
		};
		CE047E451BF4769500243FF5 /* Supporting Files */ = {
			isa = PBXGroup;
			children = (
				CE047E461BF4769500243FF5 /* main.m */,
			);
			name = "Supporting Files";
			sourceTree = "<group>";
		};
/* End PBXGroup section */

/* Begin PBXNativeTarget section */
		CE047E3E1BF4769500243FF5 /* opener */ = {
			isa = PBXNativeTarget;
			buildConfigurationList = CE047E521BF4769500243FF5 /* Build configuration list for PBXNativeTarget "opener" */;
			buildPhases = (
				CE047E3B1BF4769500243FF5 /* Sources */,
				CE047E3C1BF4769500243FF5 /* Frameworks */,
				CE047E3D1BF4769500243FF5 /* Resources */,
			);
			buildRules = (
			);
			dependencies = (
			);
			name = opener;
			productName = opener;
			productReference = CE047E3F1BF4769500243FF5 /* opener.app */;
			productType = "com.apple.product-type.application";
		};
/* End PBXNativeTarget section */

/* Begin PBXProject section */
		CE047E371BF4769500243FF5 /* Project object */ = {
			isa = PBXProject;
			attributes = {
				LastUpgradeCheck = 0700;
				ORGANIZATIONNAME = user;
				TargetAttributes = {
					CE047E3E1BF4769500243FF5 = {
						CreatedOnToolsVersion = 7.0.1;
					};
				};
			};
			buildConfigurationList = CE047E3A1BF4769500243FF5 /* Build configuration list for PBXProject "opener" */;
			compatibilityVersion = "Xcode 3.2";
			developmentRegion = English;
			hasScannedForEncodings = 0;
			knownRegions = (
				en,
				Base,
			);
			mainGroup = CE047E361BF4769500243FF5;
			productRefGroup = CE047E401BF4769500243FF5 /* Products */;
			projectDirPath = "";
			projectRoot = "";
			targets = (
				CE047E3E1BF4769500243FF5 /* opener */,
			);
		};
/* End PBXProject section */

/* Begin PBXResourcesBuildPhase section */
		CE047E3D1BF4769500243FF5 /* Resources */ = {
			isa = PBXResourcesBuildPhase;
			buildActionMask = 2147483647;
			files = (
				CE047E4B1BF4769500243FF5 /* Assets.xcassets in Resources */,
				CE047E4E1BF4769500243FF5 /* MainMenu.xib in Resources */,
			);
			runOnlyForDeploymentPostprocessing = 0;
		};
/* End PBXResourcesBuildPhase section */

/* Begin PBXSourcesBuildPhase section */
		CE047E3B1BF4769500243FF5 /* Sources */ = {
			isa = PBXSourcesBuildPhase;
			buildActionMask = 2147483647;
			files = (
				CE047E491BF4769500243FF5 /* AppDelegate.applescript in Sources */,
				CE047E471BF4769500243FF5 /* main.m in Sources */,
			);
			runOnlyForDeploymentPostprocessing = 0;
		};
/* End PBXSourcesBuildPhase section */

/* Begin PBXVariantGroup section */
		CE047E4C1BF4769500243FF5 /* MainMenu.xib */ = {
			isa = PBXVariantGroup;
			children = (
				CE047E551BF4770C00243FF5 /* en */,
			);
			name = MainMenu.xib;
			sourceTree = "<group>";
		};
/* End PBXVariantGroup section */

/* Begin XCBuildConfiguration section */
		CE047E501BF4769500243FF5 /* Debug */ = {
			isa = XCBuildConfiguration;
			buildSettings = {
				ALWAYS_SEARCH_USER_PATHS = NO;
				CLANG_CXX_LANGUAGE_STANDARD = "gnu++0x";
				CLANG_CXX_LIBRARY = "libc++";
				CLANG_ENABLE_MODULES = YES;
				CLANG_ENABLE_OBJC_ARC = YES;
				CLANG_WARN_BOOL_CONVERSION = YES;
				CLANG_WARN_CONSTANT_CONVERSION = YES;
				CLANG_WARN_DIRECT_OBJC_ISA_USAGE = YES_ERROR;
				CLANG_WARN_EMPTY_BODY = YES;
				CLANG_WARN_ENUM_CONVERSION = YES;
				CLANG_WARN_INT_CONVERSION = YES;
				CLANG_WARN_OBJC_ROOT_CLASS = YES_ERROR;
				CLANG_WARN_UNREACHABLE_CODE = YES;
				CLANG_WARN__DUPLICATE_METHOD_MATCH = YES;
				CODE_SIGN_IDENTITY = "-";
				COPY_PHASE_STRIP = NO;
				DEBUG_INFORMATION_FORMAT = dwarf;
				ENABLE_STRICT_OBJC_MSGSEND = YES;
				ENABLE_TESTABILITY = YES;
				GCC_C_LANGUAGE_STANDARD = gnu99;
				GCC_DYNAMIC_NO_PIC = NO;
				GCC_NO_COMMON_BLOCKS = YES;
				GCC_OPTIMIZATION_LEVEL = 0;
				GCC_PREPROCESSOR_DEFINITIONS = (
					"DEBUG=1",
					"$(inherited)",
				);
				GCC_WARN_64_TO_32_BIT_CONVERSION = YES;
				GCC_WARN_ABOUT_RETURN_TYPE = YES_ERROR;
				GCC_WARN_UNDECLARED_SELECTOR = YES;
				GCC_WARN_UNINITIALIZED_AUTOS = YES_AGGRESSIVE;
				GCC_WARN_UNUSED_FUNCTION = YES;
				GCC_WARN_UNUSED_VARIABLE = YES;
				MACOSX_DEPLOYMENT_TARGET = 10.11;
				MTL_ENABLE_DEBUG_INFO = YES;
				ONLY_ACTIVE_ARCH = YES;
				SDKROOT = macosx;
			};
			name = Debug;
		};
		CE047E511BF4769500243FF5 /* Release */ = {
			isa = XCBuildConfiguration;
			buildSettings = {
				ALWAYS_SEARCH_USER_PATHS = NO;
				CLANG_CXX_LANGUAGE_STANDARD = "gnu++0x";
				CLANG_CXX_LIBRARY = "libc++";
				CLANG_ENABLE_MODULES = YES;
				CLANG_ENABLE_OBJC_ARC = YES;
				CLANG_WARN_BOOL_CONVERSION = YES;
				CLANG_WARN_CONSTANT_CONVERSION = YES;
				CLANG_WARN_DIRECT_OBJC_ISA_USAGE = YES_ERROR;
				CLANG_WARN_EMPTY_BODY = YES;
				CLANG_WARN_ENUM_CONVERSION = YES;
				CLANG_WARN_INT_CONVERSION = YES;
				CLANG_WARN_OBJC_ROOT_CLASS = YES_ERROR;
				CLANG_WARN_UNREACHABLE_CODE = YES;
				CLANG_WARN__DUPLICATE_METHOD_MATCH = YES;
				CODE_SIGN_IDENTITY = "-";
				COPY_PHASE_STRIP = NO;
				DEBUG_INFORMATION_FORMAT = "dwarf-with-dsym";
				ENABLE_NS_ASSERTIONS = NO;
				ENABLE_STRICT_OBJC_MSGSEND = YES;
				GCC_C_LANGUAGE_STANDARD = gnu99;
				GCC_NO_COMMON_BLOCKS = YES;
				GCC_WARN_64_TO_32_BIT_CONVERSION = YES;
				GCC_WARN_ABOUT_RETURN_TYPE = YES_ERROR;
				GCC_WARN_UNDECLARED_SELECTOR = YES;
				GCC_WARN_UNINITIALIZED_AUTOS = YES_AGGRESSIVE;
				GCC_WARN_UNUSED_FUNCTION = YES;
				GCC_WARN_UNUSED_VARIABLE = YES;
				MACOSX_DEPLOYMENT_TARGET = 10.11;
				MTL_ENABLE_DEBUG_INFO = NO;
				SDKROOT = macosx;
			};
			name = Release;
		};
		CE047E531BF4769500243FF5 /* Debug */ = {
			isa = XCBuildConfiguration;
			buildSettings = {
				ASSETCATALOG_COMPILER_APPICON_NAME = AppIcon;
				COMBINE_HIDPI_IMAGES = YES;
				INFOPLIST_FILE = opener/Info.plist;
				LD_RUNPATH_SEARCH_PATHS = "$(inherited) @executable_path/../Frameworks";
				MACOSX_DEPLOYMENT_TARGET = 10.6;
				PRODUCT_BUNDLE_IDENTIFIER = OpenPlex.opener;
				PRODUCT_NAME = "$(TARGET_NAME)";
			};
			name = Debug;
		};
		CE047E541BF4769500243FF5 /* Release */ = {
			isa = XCBuildConfiguration;
			buildSettings = {
				ASSETCATALOG_COMPILER_APPICON_NAME = AppIcon;
				COMBINE_HIDPI_IMAGES = YES;
				INFOPLIST_FILE = opener/Info.plist;
				LD_RUNPATH_SEARCH_PATHS = "$(inherited) @executable_path/../Frameworks";
				MACOSX_DEPLOYMENT_TARGET = 10.6;
				PRODUCT_BUNDLE_IDENTIFIER = OpenPlex.opener;
				PRODUCT_NAME = "$(TARGET_NAME)";
			};
			name = Release;
		};
/* End XCBuildConfiguration section */

/* Begin XCConfigurationList section */
		CE047E3A1BF4769500243FF5 /* Build configuration list for PBXProject "opener" */ = {
			isa = XCConfigurationList;
			buildConfigurations = (
				CE047E501BF4769500243FF5 /* Debug */,
				CE047E511BF4769500243FF5 /* Release */,
			);
			defaultConfigurationIsVisible = 0;
			defaultConfigurationName = Release;
		};
		CE047E521BF4769500243FF5 /* Build configuration list for PBXNativeTarget "opener" */ = {
			isa = XCConfigurationList;
			buildConfigurations = (
				CE047E531BF4769500243FF5 /* Debug */,
				CE047E541BF4769500243FF5 /* Release */,
			);
			defaultConfigurationIsVisible = 0;
		};
/* End XCConfigurationList section */
	};
	rootObject = CE047E371BF4769500243FF5 /* Project object */;
}
